{
  "object": {
    "pins": [
      {
        "package": "Sentry",
        "repositoryURL": "https://github.com/getsentry/sentry-cocoa.git",
        "state": {
          "branch": null,
          "revision": "67310f115f3fc1e5e1f2e262f9009c64bb387e3f",
          "version": "9.22.0"
        }
      }
    ]
  },
  "version": 1
}
